
Microsoft Visual Studio Solution File, Format Version 12.00
# Visual Studio Version 17
VisualStudioVersion = 17.8.34309.116
MinimumVisualStudioVersion = 10.0.40219.1
Project("{9A19103F-16F7-4668-BE54-9A1E7A4F7556}") = "HotelLibrary", "HotelLibrary\HotelLibrary.csproj", "{B89EB8B9-CD71-46D1-8CFE-F536166B50C7}"
EndProject
Project("{00D1A9C2-B5F0-4AF3-8072-F6C62B433612}") = "HotelDB", "HotelDB\HotelDB.sqlproj", "{731B6D22-737C-46FC-82BB-5D729F9E1ECD}"
EndProject
Project("{FAE04EC0-301F-11D3-BF4B-00C04F79EFBC}") = "HartjeEindhoven.Web", "HartjeEindhoven.Web\HartjeEindhoven.Web.csproj", "{EB8E66DF-9724-4A55-931B-3901E549B316}"
EndProject
Global
	GlobalSection(SolutionConfigurationPlatforms) = preSolution
		Debug|Any CPU = Debug|Any CPU
		Release|Any CPU = Release|Any CPU
	EndGlobalSection
	GlobalSection(ProjectConfigurationPlatforms) = postSolution
		{B89EB8B9-CD71-46D1-8CFE-F536166B50C7}.Debug|Any CPU.ActiveCfg = Debug|Any CPU
		{B89EB8B9-CD71-46D1-8CFE-F536166B50C7}.Debug|Any CPU.Build.0 = Debug|Any CPU
		{B89EB8B9-CD71-46D1-8CFE-F536166B50C7}.Release|Any CPU.ActiveCfg = Release|Any CPU
		{B89EB8B9-CD71-46D1-8CFE-F536166B50C7}.Release|Any CPU.Build.0 = Release|Any CPU
		{731B6D22-737C-46FC-82BB-5D729F9E1ECD}.Debug|Any CPU.ActiveCfg = Debug|Any CPU
		{731B6D22-737C-46FC-82BB-5D729F9E1ECD}.Debug|Any CPU.Build.0 = Debug|Any CPU
		{731B6D22-737C-46FC-82BB-5D729F9E1ECD}.Debug|Any CPU.Deploy.0 = Debug|Any CPU
		{731B6D22-737C-46FC-82BB-5D729F9E1ECD}.Release|Any CPU.ActiveCfg = Release|Any CPU
		{731B6D22-737C-46FC-82BB-5D729F9E1ECD}.Release|Any CPU.Build.0 = Release|Any CPU
		{731B6D22-737C-46FC-82BB-5D729F9E1ECD}.Release|Any CPU.Deploy.0 = Release|Any CPU
		{EB8E66DF-9724-4A55-931B-3901E549B316}.Debug|Any CPU.ActiveCfg = Debug|Any CPU
		{EB8E66DF-9724-4A55-931B-3901E549B316}.Debug|Any CPU.Build.0 = Debug|Any CPU
		{EB8E66DF-9724-4A55-931B-3901E549B316}.Release|Any CPU.ActiveCfg = Release|Any CPU
		{EB8E66DF-9724-4A55-931B-3901E549B316}.Release|Any CPU.Build.0 = Release|Any CPU
	EndGlobalSection
	GlobalSection(SolutionProperties) = preSolution
		HideSolutionNode = FALSE
	EndGlobalSection
	GlobalSection(ExtensibilityGlobals) = postSolution
		SolutionGuid = {F9496654-0DA0-4288-9720-7B40C98A2872}
	EndGlobalSection
EndGlobal
